
Microsoft Visual Studio Solution File, Format Version 12.00
# Visual Studio Version 17
VisualStudioVersion = 17.4.33213.308
MinimumVisualStudioVersion = 10.0.40219.1
Project("{9A19103F-16F7-4668-BE54-9A1E7A4F7556}") = "CryptoSharp", "CryptoSharp\CryptoSharp.csproj", "{001923A5-3EB6-47E3-8007-57EF2574FCA5}"
EndProject
Project("{FAE04EC0-301F-11D3-BF4B-00C04F79EFBC}") = "CryptoSharpTests", "CryptoSharpTests\CryptoSharpTests.csproj", "{1707E404-1DE0-4E1D-9E04-9F24D318702E}"
EndProject
Global
	GlobalSection(SolutionConfigurationPlatforms) = preSolution
		Debug|Any CPU = Debug|Any CPU
		Release|Any CPU = Release|Any CPU
	EndGlobalSection
	GlobalSection(ProjectConfigurationPlatforms) = postSolution
		{001923A5-3EB6-47E3-8007-57EF2574FCA5}.Debug|Any CPU.ActiveCfg = Debug|Any CPU
		{001923A5-3EB6-47E3-8007-57EF2574FCA5}.Debug|Any CPU.Build.0 = Debug|Any CPU
		{001923A5-3EB6-47E3-8007-57EF2574FCA5}.Release|Any CPU.ActiveCfg = Release|Any CPU
		{001923A5-3EB6-47E3-8007-57EF2574FCA5}.Release|Any CPU.Build.0 = Release|Any CPU
		{1707E404-1DE0-4E1D-9E04-9F24D318702E}.Debug|Any CPU.ActiveCfg = Debug|Any CPU
		{1707E404-1DE0-4E1D-9E04-9F24D318702E}.Debug|Any CPU.Build.0 = Debug|Any CPU
		{1707E404-1DE0-4E1D-9E04-9F24D318702E}.Release|Any CPU.ActiveCfg = Release|Any CPU
		{1707E404-1DE0-4E1D-9E04-9F24D318702E}.Release|Any CPU.Build.0 = Release|Any CPU
	EndGlobalSection
	GlobalSection(SolutionProperties) = preSolution
		HideSolutionNode = FALSE
	EndGlobalSection
	GlobalSection(ExtensibilityGlobals) = postSolution
		SolutionGuid = {75B712BF-A645-4AA3-B298-F9C3230B774D}
	EndGlobalSection
EndGlobal
